
Microsoft Visual Studio Solution File, Format Version 12.00
Project("{FAE04EC0-301F-11D3-BF4B-00C04F79EFBC}") = "Werter.DynamoDbApp", "Werter.DynamoDbApp\Werter.DynamoDbApp.csproj", "{6BCD5503-CDA9-4C7F-A098-A150A0596F85}"
EndProject
Project("{FAE04EC0-301F-11D3-BF4B-00C04F79EFBC}") = "Werter.DynamoDb.WebApi", "Werter.DynamoDb.WebApi\Werter.DynamoDb.WebApi.csproj", "{C6202F9D-0C63-44D1-8A87-301A4F67BF7A}"
EndProject
Global
	GlobalSection(SolutionConfigurationPlatforms) = preSolution
		Debug|Any CPU = Debug|Any CPU
		Release|Any CPU = Release|Any CPU
	EndGlobalSection
	GlobalSection(ProjectConfigurationPlatforms) = postSolution
		{6BCD5503-CDA9-4C7F-A098-A150A0596F85}.Debug|Any CPU.ActiveCfg = Debug|Any CPU
		{6BCD5503-CDA9-4C7F-A098-A150A0596F85}.Debug|Any CPU.Build.0 = Debug|Any CPU
		{6BCD5503-CDA9-4C7F-A098-A150A0596F85}.Release|Any CPU.ActiveCfg = Release|Any CPU
		{6BCD5503-CDA9-4C7F-A098-A150A0596F85}.Release|Any CPU.Build.0 = Release|Any CPU
		{C6202F9D-0C63-44D1-8A87-301A4F67BF7A}.Debug|Any CPU.ActiveCfg = Debug|Any CPU
		{C6202F9D-0C63-44D1-8A87-301A4F67BF7A}.Debug|Any CPU.Build.0 = Debug|Any CPU
		{C6202F9D-0C63-44D1-8A87-301A4F67BF7A}.Release|Any CPU.ActiveCfg = Release|Any CPU
		{C6202F9D-0C63-44D1-8A87-301A4F67BF7A}.Release|Any CPU.Build.0 = Release|Any CPU
	EndGlobalSection
EndGlobal
